
Microsoft Visual Studio Solution File, Format Version 12.00
# Visual Studio Version 17
VisualStudioVersion = 17.0.32014.148
MinimumVisualStudioVersion = 10.0.40219.1
Project("{9A19103F-16F7-4668-BE54-9A1E7A4F7556}") = "PubSub", "PubSub.csproj", "{45C88E43-F5EC-46BF-85EF-1FB60807D6D1}"
EndProject
Global
	GlobalSection(SolutionConfigurationPlatforms) = preSolution
		Debug|Any CPU = Debug|Any CPU
		Release|Any CPU = Release|Any CPU
	EndGlobalSection
	GlobalSection(ProjectConfigurationPlatforms) = postSolution
		{45C88E43-F5EC-46BF-85EF-1FB60807D6D1}.Debug|Any CPU.ActiveCfg = Debug|Any CPU
		{45C88E43-F5EC-46BF-85EF-1FB60807D6D1}.Debug|Any CPU.Build.0 = Debug|Any CPU
		{45C88E43-F5EC-46BF-85EF-1FB60807D6D1}.Release|Any CPU.ActiveCfg = Release|Any CPU
		{45C88E43-F5EC-46BF-85EF-1FB60807D6D1}.Release|Any CPU.Build.0 = Release|Any CPU
	EndGlobalSection
	GlobalSection(SolutionProperties) = preSolution
		HideSolutionNode = FALSE
	EndGlobalSection
	GlobalSection(ExtensibilityGlobals) = postSolution
		SolutionGuid = {250B32F6-267D-4477-B1F4-C36D2866566B}
	EndGlobalSection
EndGlobal
